
Microsoft Visual Studio Solution File, Format Version 12.00
# Visual Studio Version 16
VisualStudioVersion = 16.0.31515.178
MinimumVisualStudioVersion = 10.0.40219.1
Project("{FAE04EC0-301F-11D3-BF4B-00C04F79EFBC}") = "Relógio", "Relógio\Relógio.csproj", "{E89BA7AF-3E91-48CD-86AF-945E62B3FF04}"
EndProject
Global
	GlobalSection(SolutionConfigurationPlatforms) = preSolution
		Debug|Any CPU = Debug|Any CPU
		Release|Any CPU = Release|Any CPU
	EndGlobalSection
	GlobalSection(ProjectConfigurationPlatforms) = postSolution
		{E89BA7AF-3E91-48CD-86AF-945E62B3FF04}.Debug|Any CPU.ActiveCfg = Debug|Any CPU
		{E89BA7AF-3E91-48CD-86AF-945E62B3FF04}.Debug|Any CPU.Build.0 = Debug|Any CPU
		{E89BA7AF-3E91-48CD-86AF-945E62B3FF04}.Release|Any CPU.ActiveCfg = Release|Any CPU
		{E89BA7AF-3E91-48CD-86AF-945E62B3FF04}.Release|Any CPU.Build.0 = Release|Any CPU
	EndGlobalSection
	GlobalSection(SolutionProperties) = preSolution
		HideSolutionNode = FALSE
	EndGlobalSection
	GlobalSection(ExtensibilityGlobals) = postSolution
		SolutionGuid = {A1663911-64BF-47EC-84F0-0B93C407F1E0}
	EndGlobalSection
EndGlobal
