
Microsoft Visual Studio Solution File, Format Version 12.00
# Visual Studio Version 16
VisualStudioVersion = 16.0.31515.178
MinimumVisualStudioVersion = 10.0.40219.1
Project("{FAE04EC0-301F-11D3-BF4B-00C04F79EFBC}") = "Movi-teclas", "Movi-teclas\Movi-teclas.csproj", "{28B0CAC8-6D4F-4377-9A26-A5C6D268BBAC}"
EndProject
Global
	GlobalSection(SolutionConfigurationPlatforms) = preSolution
		Debug|Any CPU = Debug|Any CPU
		Release|Any CPU = Release|Any CPU
	EndGlobalSection
	GlobalSection(ProjectConfigurationPlatforms) = postSolution
		{28B0CAC8-6D4F-4377-9A26-A5C6D268BBAC}.Debug|Any CPU.ActiveCfg = Debug|Any CPU
		{28B0CAC8-6D4F-4377-9A26-A5C6D268BBAC}.Debug|Any CPU.Build.0 = Debug|Any CPU
		{28B0CAC8-6D4F-4377-9A26-A5C6D268BBAC}.Release|Any CPU.ActiveCfg = Release|Any CPU
		{28B0CAC8-6D4F-4377-9A26-A5C6D268BBAC}.Release|Any CPU.Build.0 = Release|Any CPU
	EndGlobalSection
	GlobalSection(SolutionProperties) = preSolution
		HideSolutionNode = FALSE
	EndGlobalSection
	GlobalSection(ExtensibilityGlobals) = postSolution
		SolutionGuid = {7F28C477-2EF3-4F3D-A563-FBF00D9950E6}
	EndGlobalSection
EndGlobal
